// !$*UTF8*$!
{
	archiveVersion = 1;
	classes = {
	};
	objectVersion = 46;
	objects = {

/* Begin PBXBuildFile section */
		04BF14A81F66297B0030B75B /* main.m in Sources */ = {isa = PBXBuildFile; fileRef = 04BF14A71F66297B0030B75B /* main.m */; };
		04BF14AB1F66297B0030B75B /* AppDelegate.m in Sources */ = {isa = PBXBuildFile; fileRef = 04BF14AA1F66297B0030B75B /* AppDelegate.m */; };
		04BF14AE1F66297B0030B75B /* ViewController.m in Sources */ = {isa = PBXBuildFile; fileRef = 04BF14AD1F66297B0030B75B /* ViewController.m */; };
		04BF14B11F66297B0030B75B /* Main.storyboard in Resources */ = {isa = PBXBuildFile; fileRef = 04BF14AF1F66297B0030B75B /* Main.storyboard */; };
		04BF14B31F66297B0030B75B /* Assets.xcassets in Resources */ = {isa = PBXBuildFile; fileRef = 04BF14B21F66297B0030B75B /* Assets.xcassets */; };
		04BF14B61F66297B0030B75B /* LaunchScreen.storyboard in Resources */ = {isa = PBXBuildFile; fileRef = 04BF14B41F66297B0030B75B /* LaunchScreen.storyboard */; };
		04BF14C11F66297C0030B75B /* SYProgressCircleTests.m in Sources */ = {isa = PBXBuildFile; fileRef = 04BF14C01F66297C0030B75B /* SYProgressCircleTests.m */; };
		04BF14CC1F66297C0030B75B /* SYProgressCircleUITests.m in Sources */ = {isa = PBXBuildFile; fileRef = 04BF14CB1F66297C0030B75B /* SYProgressCircleUITests.m */; };
/* End PBXBuildFile section */

/* Begin PBXContainerItemProxy section */
		04BF14BD1F66297B0030B75B /* PBXContainerItemProxy */ = {
			isa = PBXContainerItemProxy;
			containerPortal = 04BF149B1F66297B0030B75B /* Project object */;
			proxyType = 1;
			remoteGlobalIDString = 04BF14A21F66297B0030B75B;
			remoteInfo = SYProgressCircle;
		};
		04BF14C81F66297C0030B75B /* PBXContainerItemProxy */ = {
			isa = PBXContainerItemProxy;
			containerPortal = 04BF149B1F66297B0030B75B /* Project object */;
			proxyType = 1;
			remoteGlobalIDString = 04BF14A21F66297B0030B75B;
			remoteInfo = SYProgressCircle;
		};
/* End PBXContainerItemProxy section */

/* Begin PBXFileReference section */
		04BF14A31F66297B0030B75B /* SYProgressCircle.app */ = {isa = PBXFileReference; explicitFileType = wrapper.application; includeInIndex = 0; path = SYProgressCircle.app; sourceTree = BUILT_PRODUCTS_DIR; };
		04BF14A71F66297B0030B75B /* main.m */ = {isa = PBXFileReference; lastKnownFileType = sourcecode.c.objc; path = main.m; sourceTree = "<group>"; };
		04BF14A91F66297B0030B75B /* AppDelegate.h */ = {isa = PBXFileReference; lastKnownFileType = sourcecode.c.h; path = AppDelegate.h; sourceTree = "<group>"; };
		04BF14AA1F66297B0030B75B /* AppDelegate.m */ = {isa = PBXFileReference; lastKnownFileType = sourcecode.c.objc; path = AppDelegate.m; sourceTree = "<group>"; };
		04BF14AC1F66297B0030B75B /* ViewController.h */ = {isa = PBXFileReference; lastKnownFileType = sourcecode.c.h; path = ViewController.h; sourceTree = "<group>"; };
		04BF14AD1F66297B0030B75B /* ViewController.m */ = {isa = PBXFileReference; lastKnownFileType = sourcecode.c.objc; path = ViewController.m; sourceTree = "<group>"; };
		04BF14B01F66297B0030B75B /* Base */ = {isa = PBXFileReference; lastKnownFileType = file.storyboard; name = Base; path = Base.lproj/Main.storyboard; sourceTree = "<group>"; };
		04BF14B21F66297B0030B75B /* Assets.xcassets */ = {isa = PBXFileReference; lastKnownFileType = folder.assetcatalog; path = Assets.xcassets; sourceTree = "<group>"; };
		04BF14B51F66297B0030B75B /* Base */ = {isa = PBXFileReference; lastKnownFileType = file.storyboard; name = Base; path = Base.lproj/LaunchScreen.storyboard; sourceTree = "<group>"; };
		04BF14B71F66297B0030B75B /* Info.plist */ = {isa = PBXFileReference; lastKnownFileType = text.plist.xml; path = Info.plist; sourceTree = "<group>"; };
		04BF14BC1F66297B0030B75B /* SYProgressCircleTests.xctest */ = {isa = PBXFileReference; explicitFileType = wrapper.cfbundle; includeInIndex = 0; path = SYProgressCircleTests.xctest; sourceTree = BUILT_PRODUCTS_DIR; };
		04BF14C01F66297C0030B75B /* SYProgressCircleTests.m */ = {isa = PBXFileReference; lastKnownFileType = sourcecode.c.objc; path = SYProgressCircleTests.m; sourceTree = "<group>"; };
		04BF14C21F66297C0030B75B /* Info.plist */ = {isa = PBXFileReference; lastKnownFileType = text.plist.xml; path = Info.plist; sourceTree = "<group>"; };
		04BF14C71F66297C0030B75B /* SYProgressCircleUITests.xctest */ = {isa = PBXFileReference; explicitFileType = wrapper.cfbundle; includeInIndex = 0; path = SYProgressCircleUITests.xctest; sourceTree = BUILT_PRODUCTS_DIR; };
		04BF14CB1F66297C0030B75B /* SYProgressCircleUITests.m */ = {isa = PBXFileReference; lastKnownFileType = sourcecode.c.objc; path = SYProgressCircleUITests.m; sourceTree = "<group>"; };
		04BF14CD1F66297C0030B75B /* Info.plist */ = {isa = PBXFileReference; lastKnownFileType = text.plist.xml; path = Info.plist; sourceTree = "<group>"; };
/* End PBXFileReference section */

/* Begin PBXFrameworksBuildPhase section */
		04BF14A01F66297B0030B75B /* Frameworks */ = {
			isa = PBXFrameworksBuildPhase;
			buildActionMask = 2147483647;
			files = (
			);
			runOnlyForDeploymentPostprocessing = 0;
		};
		04BF14B91F66297B0030B75B /* Frameworks */ = {
			isa = PBXFrameworksBuildPhase;
			buildActionMask = 2147483647;
			files = (
			);
			runOnlyForDeploymentPostprocessing = 0;
		};
		04BF14C41F66297C0030B75B /* Frameworks */ = {
			isa = PBXFrameworksBuildPhase;
			buildActionMask = 2147483647;
			files = (
			);
			runOnlyForDeploymentPostprocessing = 0;
		};
/* End PBXFrameworksBuildPhase section */

/* Begin PBXGroup section */
		04BF149A1F66297B0030B75B = {
			isa = PBXGroup;
			children = (
				04BF14A51F66297B0030B75B /* SYProgressCircle */,
				04BF14BF1F66297C0030B75B /* SYProgressCircleTests */,
				04BF14CA1F66297C0030B75B /* SYProgressCircleUITests */,
				04BF14A41F66297B0030B75B /* Products */,
			);
			sourceTree = "<group>";
		};
		04BF14A41F66297B0030B75B /* Products */ = {
			isa = PBXGroup;
			children = (
				04BF14A31F66297B0030B75B /* SYProgressCircle.app */,
				04BF14BC1F66297B0030B75B /* SYProgressCircleTests.xctest */,
				04BF14C71F66297C0030B75B /* SYProgressCircleUITests.xctest */,
			);
			name = Products;
			sourceTree = "<group>";
		};
		04BF14A51F66297B0030B75B /* SYProgressCircle */ = {
			isa = PBXGroup;
			children = (
				04BF14A91F66297B0030B75B /* AppDelegate.h */,
				04BF14AA1F66297B0030B75B /* AppDelegate.m */,
				04BF14AC1F66297B0030B75B /* ViewController.h */,
				04BF14AD1F66297B0030B75B /* ViewController.m */,
				04BF14AF1F66297B0030B75B /* Main.storyboard */,
				04BF14B21F66297B0030B75B /* Assets.xcassets */,
				04BF14B41F66297B0030B75B /* LaunchScreen.storyboard */,
				04BF14B71F66297B0030B75B /* Info.plist */,
				04BF14A61F66297B0030B75B /* Supporting Files */,
			);
			path = SYProgressCircle;
			sourceTree = "<group>";
		};
		04BF14A61F66297B0030B75B /* Supporting Files */ = {
			isa = PBXGroup;
			children = (
				04BF14A71F66297B0030B75B /* main.m */,
			);
			name = "Supporting Files";
			sourceTree = "<group>";
		};
		04BF14BF1F66297C0030B75B /* SYProgressCircleTests */ = {
			isa = PBXGroup;
			children = (
				04BF14C01F66297C0030B75B /* SYProgressCircleTests.m */,
				04BF14C21F66297C0030B75B /* Info.plist */,
			);
			path = SYProgressCircleTests;
			sourceTree = "<group>";
		};
		04BF14CA1F66297C0030B75B /* SYProgressCircleUITests */ = {
			isa = PBXGroup;
			children = (
				04BF14CB1F66297C0030B75B /* SYProgressCircleUITests.m */,
				04BF14CD1F66297C0030B75B /* Info.plist */,
			);
			path = SYProgressCircleUITests;
			sourceTree = "<group>";
		};
/* End PBXGroup section */

/* Begin PBXNativeTarget section */
		04BF14A21F66297B0030B75B /* SYProgressCircle */ = {
			isa = PBXNativeTarget;
			buildConfigurationList = 04BF14D01F66297C0030B75B /* Build configuration list for PBXNativeTarget "SYProgressCircle" */;
			buildPhases = (
				04BF149F1F66297B0030B75B /* Sources */,
				04BF14A01F66297B0030B75B /* Frameworks */,
				04BF14A11F66297B0030B75B /* Resources */,
			);
			buildRules = (
			);
			dependencies = (
			);
			name = SYProgressCircle;
			productName = SYProgressCircle;
			productReference = 04BF14A31F66297B0030B75B /* SYProgressCircle.app */;
			productType = "com.apple.product-type.application";
		};
		04BF14BB1F66297B0030B75B /* SYProgressCircleTests */ = {
			isa = PBXNativeTarget;
			buildConfigurationList = 04BF14D31F66297C0030B75B /* Build configuration list for PBXNativeTarget "SYProgressCircleTests" */;
			buildPhases = (
				04BF14B81F66297B0030B75B /* Sources */,
				04BF14B91F66297B0030B75B /* Frameworks */,
				04BF14BA1F66297B0030B75B /* Resources */,
			);
			buildRules = (
			);
			dependencies = (
				04BF14BE1F66297B0030B75B /* PBXTargetDependency */,
			);
			name = SYProgressCircleTests;
			productName = SYProgressCircleTests;
			productReference = 04BF14BC1F66297B0030B75B /* SYProgressCircleTests.xctest */;
			productType = "com.apple.product-type.bundle.unit-test";
		};
		04BF14C61F66297C0030B75B /* SYProgressCircleUITests */ = {
			isa = PBXNativeTarget;
			buildConfigurationList = 04BF14D61F66297C0030B75B /* Build configuration list for PBXNativeTarget "SYProgressCircleUITests" */;
			buildPhases = (
				04BF14C31F66297C0030B75B /* Sources */,
				04BF14C41F66297C0030B75B /* Frameworks */,
				04BF14C51F66297C0030B75B /* Resources */,
			);
			buildRules = (
			);
			dependencies = (
				04BF14C91F66297C0030B75B /* PBXTargetDependency */,
			);
			name = SYProgressCircleUITests;
			productName = SYProgressCircleUITests;
			productReference = 04BF14C71F66297C0030B75B /* SYProgressCircleUITests.xctest */;
			productType = "com.apple.product-type.bundle.ui-testing";
		};
/* End PBXNativeTarget section */

/* Begin PBXProject section */
		04BF149B1F66297B0030B75B /* Project object */ = {
			isa = PBXProject;
			attributes = {
				LastUpgradeCheck = 0830;
				ORGANIZATIONNAME = shichenzhi;
				TargetAttributes = {
					04BF14A21F66297B0030B75B = {
						CreatedOnToolsVersion = 8.3.3;
						DevelopmentTeam = RUN65PZ922;
						ProvisioningStyle = Automatic;
					};
					04BF14BB1F66297B0030B75B = {
						CreatedOnToolsVersion = 8.3.3;
						DevelopmentTeam = RUN65PZ922;
						ProvisioningStyle = Automatic;
						TestTargetID = 04BF14A21F66297B0030B75B;
					};
					04BF14C61F66297C0030B75B = {
						CreatedOnToolsVersion = 8.3.3;
						DevelopmentTeam = RUN65PZ922;
						ProvisioningStyle = Automatic;
						TestTargetID = 04BF14A21F66297B0030B75B;
					};
				};
			};
			buildConfigurationList = 04BF149E1F66297B0030B75B /* Build configuration list for PBXProject "SYProgressCircle" */;
			compatibilityVersion = "Xcode 3.2";
			developmentRegion = English;
			hasScannedForEncodings = 0;
			knownRegions = (
				en,
				Base,
			);
			mainGroup = 04BF149A1F66297B0030B75B;
			productRefGroup = 04BF14A41F66297B0030B75B /* Products */;
			projectDirPath = "";
			projectRoot = "";
			targets = (
				04BF14A21F66297B0030B75B /* SYProgressCircle */,
				04BF14BB1F66297B0030B75B /* SYProgressCircleTests */,
				04BF14C61F66297C0030B75B /* SYProgressCircleUITests */,
			);
		};
/* End PBXProject section */

/* Begin PBXResourcesBuildPhase section */
		04BF14A11F66297B0030B75B /* Resources */ = {
			isa = PBXResourcesBuildPhase;
			buildActionMask = 2147483647;
			files = (
				04BF14B61F66297B0030B75B /* LaunchScreen.storyboard in Resources */,
				04BF14B31F66297B0030B75B /* Assets.xcassets in Resources */,
				04BF14B11F66297B0030B75B /* Main.storyboard in Resources */,
			);
			runOnlyForDeploymentPostprocessing = 0;
		};
		04BF14BA1F66297B0030B75B /* Resources */ = {
			isa = PBXResourcesBuildPhase;
			buildActionMask = 2147483647;
			files = (
			);
			runOnlyForDeploymentPostprocessing = 0;
		};
		04BF14C51F66297C0030B75B /* Resources */ = {
			isa = PBXResourcesBuildPhase;
			buildActionMask = 2147483647;
			files = (
			);
			runOnlyForDeploymentPostprocessing = 0;
		};
/* End PBXResourcesBuildPhase section */

/* Begin PBXSourcesBuildPhase section */
		04BF149F1F66297B0030B75B /* Sources */ = {
			isa = PBXSourcesBuildPhase;
			buildActionMask = 2147483647;
			files = (
				04BF14AE1F66297B0030B75B /* ViewController.m in Sources */,
				04BF14AB1F66297B0030B75B /* AppDelegate.m in Sources */,
				04BF14A81F66297B0030B75B /* main.m in Sources */,
			);
			runOnlyForDeploymentPostprocessing = 0;
		};
		04BF14B81F66297B0030B75B /* Sources */ = {
			isa = PBXSourcesBuildPhase;
			buildActionMask = 2147483647;
			files = (
				04BF14C11F66297C0030B75B /* SYProgressCircleTests.m in Sources */,
			);
			runOnlyForDeploymentPostprocessing = 0;
		};
		04BF14C31F66297C0030B75B /* Sources */ = {
			isa = PBXSourcesBuildPhase;
			buildActionMask = 2147483647;
			files = (
				04BF14CC1F66297C0030B75B /* SYProgressCircleUITests.m in Sources */,
			);
			runOnlyForDeploymentPostprocessing = 0;
		};
/* End PBXSourcesBuildPhase section */

/* Begin PBXTargetDependency section */
		04BF14BE1F66297B0030B75B /* PBXTargetDependency */ = {
			isa = PBXTargetDependency;
			target = 04BF14A21F66297B0030B75B /* SYProgressCircle */;
			targetProxy = 04BF14BD1F66297B0030B75B /* PBXContainerItemProxy */;
		};
		04BF14C91F66297C0030B75B /* PBXTargetDependency */ = {
			isa = PBXTargetDependency;
			target = 04BF14A21F66297B0030B75B /* SYProgressCircle */;
			targetProxy = 04BF14C81F66297C0030B75B /* PBXContainerItemProxy */;
		};
/* End PBXTargetDependency section */

/* Begin PBXVariantGroup section */
		04BF14AF1F66297B0030B75B /* Main.storyboard */ = {
			isa = PBXVariantGroup;
			children = (
				04BF14B01F66297B0030B75B /* Base */,
			);
			name = Main.storyboard;
			sourceTree = "<group>";
		};
		04BF14B41F66297B0030B75B /* LaunchScreen.storyboard */ = {
			isa = PBXVariantGroup;
			children = (
				04BF14B51F66297B0030B75B /* Base */,
			);
			name = LaunchScreen.storyboard;
			sourceTree = "<group>";
		};
/* End PBXVariantGroup section */

/* Begin XCBuildConfiguration section */
		04BF14CE1F66297C0030B75B /* Debug */ = {
			isa = XCBuildConfiguration;
			buildSettings = {
				ALWAYS_SEARCH_USER_PATHS = NO;
				CLANG_ANALYZER_NONNULL = YES;
				CLANG_ANALYZER_NUMBER_OBJECT_CONVERSION = YES_AGGRESSIVE;
				CLANG_CXX_LANGUAGE_STANDARD = "gnu++0x";
				CLANG_CXX_LIBRARY = "libc++";
				CLANG_ENABLE_MODULES = YES;
				CLANG_ENABLE_OBJC_ARC = YES;
				CLANG_WARN_BOOL_CONVERSION = YES;
				CLANG_WARN_CONSTANT_CONVERSION = YES;
				CLANG_WARN_DIRECT_OBJC_ISA_USAGE = YES_ERROR;
				CLANG_WARN_DOCUMENTATION_COMMENTS = YES;
				CLANG_WARN_EMPTY_BODY = YES;
				CLANG_WARN_ENUM_CONVERSION = YES;
				CLANG_WARN_INFINITE_RECURSION = YES;
				CLANG_WARN_INT_CONVERSION = YES;
				CLANG_WARN_OBJC_ROOT_CLASS = YES_ERROR;
				CLANG_WARN_SUSPICIOUS_MOVE = YES;
				CLANG_WARN_UNREACHABLE_CODE = YES;
				CLANG_WARN__DUPLICATE_METHOD_MATCH = YES;
				"CODE_SIGN_IDENTITY[sdk=iphoneos*]" = "iPhone Developer";
				COPY_PHASE_STRIP = NO;
				DEBUG_INFORMATION_FORMAT = dwarf;
				ENABLE_STRICT_OBJC_MSGSEND = YES;
				ENABLE_TESTABILITY = YES;
				GCC_C_LANGUAGE_STANDARD = gnu99;
				GCC_DYNAMIC_NO_PIC = NO;
				GCC_NO_COMMON_BLOCKS = YES;
				GCC_OPTIMIZATION_LEVEL = 0;
				GCC_PREPROCESSOR_DEFINITIONS = (
					"DEBUG=1",
					"$(inherited)",
				);
				GCC_WARN_64_TO_32_BIT_CONVERSION = YES;
				GCC_WARN_ABOUT_RETURN_TYPE = YES_ERROR;
				GCC_WARN_UNDECLARED_SELECTOR = YES;
				GCC_WARN_UNINITIALIZED_AUTOS = YES_AGGRESSIVE;
				GCC_WARN_UNUSED_FUNCTION = YES;
				GCC_WARN_UNUSED_VARIABLE = YES;
				IPHONEOS_DEPLOYMENT_TARGET = 10.3;
				MTL_ENABLE_DEBUG_INFO = YES;
				ONLY_ACTIVE_ARCH = YES;
				SDKROOT = iphoneos;
			};
			name = Debug;
		};
		04BF14CF1F66297C0030B75B /* Release */ = {
			isa = XCBuildConfiguration;
			buildSettings = {
				ALWAYS_SEARCH_USER_PATHS = NO;
				CLANG_ANALYZER_NONNULL = YES;
				CLANG_ANALYZER_NUMBER_OBJECT_CONVERSION = YES_AGGRESSIVE;
				CLANG_CXX_LANGUAGE_STANDARD = "gnu++0x";
				CLANG_CXX_LIBRARY = "libc++";
				CLANG_ENABLE_MODULES = YES;
				CLANG_ENABLE_OBJC_ARC = YES;
				CLANG_WARN_BOOL_CONVERSION = YES;
				CLANG_WARN_CONSTANT_CONVERSION = YES;
				CLANG_WARN_DIRECT_OBJC_ISA_USAGE = YES_ERROR;
				CLANG_WARN_DOCUMENTATION_COMMENTS = YES;
				CLANG_WARN_EMPTY_BODY = YES;
				CLANG_WARN_ENUM_CONVERSION = YES;
				CLANG_WARN_INFINITE_RECURSION = YES;
				CLANG_WARN_INT_CONVERSION = YES;
				CLANG_WARN_OBJC_ROOT_CLASS = YES_ERROR;
				CLANG_WARN_SUSPICIOUS_MOVE = YES;
				CLANG_WARN_UNREACHABLE_CODE = YES;
				CLANG_WARN__DUPLICATE_METHOD_MATCH = YES;
				"CODE_SIGN_IDENTITY[sdk=iphoneos*]" = "iPhone Developer";
				COPY_PHASE_STRIP = NO;
				DEBUG_INFORMATION_FORMAT = "dwarf-with-dsym";
				ENABLE_NS_ASSERTIONS = NO;
				ENABLE_STRICT_OBJC_MSGSEND = YES;
				GCC_C_LANGUAGE_STANDARD = gnu99;
				GCC_NO_COMMON_BLOCKS = YES;
				GCC_WARN_64_TO_32_BIT_CONVERSION = YES;
				GCC_WARN_ABOUT_RETURN_TYPE = YES_ERROR;
				GCC_WARN_UNDECLARED_SELECTOR = YES;
				GCC_WARN_UNINITIALIZED_AUTOS = YES_AGGRESSIVE;
				GCC_WARN_UNUSED_FUNCTION = YES;
				GCC_WARN_UNUSED_VARIABLE = YES;
				IPHONEOS_DEPLOYMENT_TARGET = 10.3;
				MTL_ENABLE_DEBUG_INFO = NO;
				SDKROOT = iphoneos;
				VALIDATE_PRODUCT = YES;
			};
			name = Release;
		};
		04BF14D11F66297C0030B75B /* Debug */ = {
			isa = XCBuildConfiguration;
			buildSettings = {
				ASSETCATALOG_COMPILER_APPICON_NAME = AppIcon;
				DEVELOPMENT_TEAM = RUN65PZ922;
				INFOPLIST_FILE = SYProgressCircle/Info.plist;
				LD_RUNPATH_SEARCH_PATHS = "$(inherited) @executable_path/Frameworks";
				PRODUCT_BUNDLE_IDENTIFIER = sdlc.SYProgressCircle;
				PRODUCT_NAME = "$(TARGET_NAME)";
			};
			name = Debug;
		};
		04BF14D21F66297C0030B75B /* Release */ = {
			isa = XCBuildConfiguration;
			buildSettings = {
				ASSETCATALOG_COMPILER_APPICON_NAME = AppIcon;
				DEVELOPMENT_TEAM = RUN65PZ922;
				INFOPLIST_FILE = SYProgressCircle/Info.plist;
				LD_RUNPATH_SEARCH_PATHS = "$(inherited) @executable_path/Frameworks";
				PRODUCT_BUNDLE_IDENTIFIER = sdlc.SYProgressCircle;
				PRODUCT_NAME = "$(TARGET_NAME)";
			};
			name = Release;
		};
		04BF14D41F66297C0030B75B /* Debug */ = {
			isa = XCBuildConfiguration;
			buildSettings = {
				BUNDLE_LOADER = "$(TEST_HOST)";
				DEVELOPMENT_TEAM = RUN65PZ922;
				INFOPLIST_FILE = SYProgressCircleTests/Info.plist;
				LD_RUNPATH_SEARCH_PATHS = "$(inherited) @executable_path/Frameworks @loader_path/Frameworks";
				PRODUCT_BUNDLE_IDENTIFIER = sdlc.SYProgressCircleTests;
				PRODUCT_NAME = "$(TARGET_NAME)";
				TEST_HOST = "$(BUILT_PRODUCTS_DIR)/SYProgressCircle.app/SYProgressCircle";
			};
			name = Debug;
		};
		04BF14D51F66297C0030B75B /* Release */ = {
			isa = XCBuildConfiguration;
			buildSettings = {
				BUNDLE_LOADER = "$(TEST_HOST)";
				DEVELOPMENT_TEAM = RUN65PZ922;
				INFOPLIST_FILE = SYProgressCircleTests/Info.plist;
				LD_RUNPATH_SEARCH_PATHS = "$(inherited) @executable_path/Frameworks @loader_path/Frameworks";
				PRODUCT_BUNDLE_IDENTIFIER = sdlc.SYProgressCircleTests;
				PRODUCT_NAME = "$(TARGET_NAME)";
				TEST_HOST = "$(BUILT_PRODUCTS_DIR)/SYProgressCircle.app/SYProgressCircle";
			};
			name = Release;
		};
		04BF14D71F66297C0030B75B /* Debug */ = {
			isa = XCBuildConfiguration;
			buildSettings = {
				DEVELOPMENT_TEAM = RUN65PZ922;
				INFOPLIST_FILE = SYProgressCircleUITests/Info.plist;
				LD_RUNPATH_SEARCH_PATHS = "$(inherited) @executable_path/Frameworks @loader_path/Frameworks";
				PRODUCT_BUNDLE_IDENTIFIER = sdlc.SYProgressCircleUITests;
				PRODUCT_NAME = "$(TARGET_NAME)";
				TEST_TARGET_NAME = SYProgressCircle;
			};
			name = Debug;
		};
		04BF14D81F66297C0030B75B /* Release */ = {
			isa = XCBuildConfiguration;
			buildSettings = {
				DEVELOPMENT_TEAM = RUN65PZ922;
				INFOPLIST_FILE = SYProgressCircleUITests/Info.plist;
				LD_RUNPATH_SEARCH_PATHS = "$(inherited) @executable_path/Frameworks @loader_path/Frameworks";
				PRODUCT_BUNDLE_IDENTIFIER = sdlc.SYProgressCircleUITests;
				PRODUCT_NAME = "$(TARGET_NAME)";
				TEST_TARGET_NAME = SYProgressCircle;
			};
			name = Release;
		};
/* End XCBuildConfiguration section */

/* Begin XCConfigurationList section */
		04BF149E1F66297B0030B75B /* Build configuration list for PBXProject "SYProgressCircle" */ = {
			isa = XCConfigurationList;
			buildConfigurations = (
				04BF14CE1F66297C0030B75B /* Debug */,
				04BF14CF1F66297C0030B75B /* Release */,
			);
			defaultConfigurationIsVisible = 0;
			defaultConfigurationName = Release;
		};
		04BF14D01F66297C0030B75B /* Build configuration list for PBXNativeTarget "SYProgressCircle" */ = {
			isa = XCConfigurationList;
			buildConfigurations = (
				04BF14D11F66297C0030B75B /* Debug */,
				04BF14D21F66297C0030B75B /* Release */,
			);
			defaultConfigurationIsVisible = 0;
		};
		04BF14D31F66297C0030B75B /* Build configuration list for PBXNativeTarget "SYProgressCircleTests" */ = {
			isa = XCConfigurationList;
			buildConfigurations = (
				04BF14D41F66297C0030B75B /* Debug */,
				04BF14D51F66297C0030B75B /* Release */,
			);
			defaultConfigurationIsVisible = 0;
		};
		04BF14D61F66297C0030B75B /* Build configuration list for PBXNativeTarget "SYProgressCircleUITests" */ = {
			isa = XCConfigurationList;
			buildConfigurations = (
				04BF14D71F66297C0030B75B /* Debug */,
				04BF14D81F66297C0030B75B /* Release */,
			);
			defaultConfigurationIsVisible = 0;
		};
/* End XCConfigurationList section */
	};
	rootObject = 04BF149B1F66297B0030B75B /* Project object */;
}
